// !$*UTF8*$!
{
	archiveVersion = 1;
	classes = {
	};
	objectVersion = 50;
	objects = {

/* Begin PBXBuildFile section */
		EB1553D12564050900CC74D4 /* AppDelegate.swift in Sources */ = {isa = PBXBuildFile; fileRef = EB1553D02564050900CC74D4 /* AppDelegate.swift */; };
		EB1553D32564050900CC74D4 /* ContentView.swift in Sources */ = {isa = PBXBuildFile; fileRef = EB1553D22564050900CC74D4 /* ContentView.swift */; };
		EB1553D52564050900CC74D4 /* Assets.xcassets in Resources */ = {isa = PBXBuildFile; fileRef = EB1553D42564050900CC74D4 /* Assets.xcassets */; };
		EB1553D82564050900CC74D4 /* Preview Assets.xcassets in Resources */ = {isa = PBXBuildFile; fileRef = EB1553D72564050900CC74D4 /* Preview Assets.xcassets */; };
		EB1553DB2564050900CC74D4 /* Main.storyboard in Resources */ = {isa = PBXBuildFile; fileRef = EB1553D92564050900CC74D4 /* Main.storyboard */; };
		EBE634462565D2780038A0FE /* MachOKit.framework in Frameworks */ = {isa = PBXBuildFile; fileRef = EBE634452565D2780038A0FE /* MachOKit.framework */; };
		EBE634472565D2780038A0FE /* MachOKit.framework in Embed Frameworks */ = {isa = PBXBuildFile; fileRef = EBE634452565D2780038A0FE /* MachOKit.framework */; settings = {ATTRIBUTES = (CodeSignOnCopy, RemoveHeadersOnCopy, ); }; };
		EBE634492565D49E0038A0FE /* MachO.swift in Sources */ = {isa = PBXBuildFile; fileRef = EBE634482565D49E0038A0FE /* MachO.swift */; };
/* End PBXBuildFile section */

/* Begin PBXCopyFilesBuildPhase section */
		EBE634422565D1BD0038A0FE /* Embed Frameworks */ = {
			isa = PBXCopyFilesBuildPhase;
			buildActionMask = 2147483647;
			dstPath = "";
			dstSubfolderSpec = 10;
			files = (
				EBE634472565D2780038A0FE /* MachOKit.framework in Embed Frameworks */,
			);
			name = "Embed Frameworks";
			runOnlyForDeploymentPostprocessing = 0;
		};
/* End PBXCopyFilesBuildPhase section */

/* Begin PBXFileReference section */
		EB1553CD2564050800CC74D4 /* unicon.app */ = {isa = PBXFileReference; explicitFileType = wrapper.application; includeInIndex = 0; path = unicon.app; sourceTree = BUILT_PRODUCTS_DIR; };
		EB1553D02564050900CC74D4 /* AppDelegate.swift */ = {isa = PBXFileReference; lastKnownFileType = sourcecode.swift; path = AppDelegate.swift; sourceTree = "<group>"; };
		EB1553D22564050900CC74D4 /* ContentView.swift */ = {isa = PBXFileReference; lastKnownFileType = sourcecode.swift; path = ContentView.swift; sourceTree = "<group>"; };
		EB1553D42564050900CC74D4 /* Assets.xcassets */ = {isa = PBXFileReference; lastKnownFileType = folder.assetcatalog; path = Assets.xcassets; sourceTree = "<group>"; };
		EB1553D72564050900CC74D4 /* Preview Assets.xcassets */ = {isa = PBXFileReference; lastKnownFileType = folder.assetcatalog; path = "Preview Assets.xcassets"; sourceTree = "<group>"; };
		EB1553DA2564050900CC74D4 /* Base */ = {isa = PBXFileReference; lastKnownFileType = file.storyboard; name = Base; path = Base.lproj/Main.storyboard; sourceTree = "<group>"; };
		EB1553DC2564050900CC74D4 /* Info.plist */ = {isa = PBXFileReference; lastKnownFileType = text.plist.xml; path = Info.plist; sourceTree = "<group>"; };
		EB1553DD2564050900CC74D4 /* unicon.entitlements */ = {isa = PBXFileReference; lastKnownFileType = text.plist.entitlements; path = unicon.entitlements; sourceTree = "<group>"; };
		EBE634452565D2780038A0FE /* MachOKit.framework */ = {isa = PBXFileReference; explicitFileType = wrapper.framework; path = MachOKit.framework; sourceTree = BUILT_PRODUCTS_DIR; };
		EBE634482565D49E0038A0FE /* MachO.swift */ = {isa = PBXFileReference; lastKnownFileType = sourcecode.swift; path = MachO.swift; sourceTree = "<group>"; };
/* End PBXFileReference section */

/* Begin PBXFrameworksBuildPhase section */
		EB1553CA2564050800CC74D4 /* Frameworks */ = {
			isa = PBXFrameworksBuildPhase;
			buildActionMask = 2147483647;
			files = (
				EBE634462565D2780038A0FE /* MachOKit.framework in Frameworks */,
			);
			runOnlyForDeploymentPostprocessing = 0;
		};
/* End PBXFrameworksBuildPhase section */

/* Begin PBXGroup section */
		BC7F89DB949E21DEDD1E6609 /* Frameworks */ = {
			isa = PBXGroup;
			children = (
				EBE634452565D2780038A0FE /* MachOKit.framework */,
			);
			name = Frameworks;
			sourceTree = "<group>";
		};
		EB1553C42564050800CC74D4 = {
			isa = PBXGroup;
			children = (
				EB1553CF2564050800CC74D4 /* unicon */,
				EB1553CE2564050800CC74D4 /* Products */,
				BC7F89DB949E21DEDD1E6609 /* Frameworks */,
			);
			sourceTree = "<group>";
		};
		EB1553CE2564050800CC74D4 /* Products */ = {
			isa = PBXGroup;
			children = (
				EB1553CD2564050800CC74D4 /* unicon.app */,
			);
			name = Products;
			sourceTree = "<group>";
		};
		EB1553CF2564050800CC74D4 /* unicon */ = {
			isa = PBXGroup;
			children = (
				EB1553D02564050900CC74D4 /* AppDelegate.swift */,
				EBE634482565D49E0038A0FE /* MachO.swift */,
				EB1553D22564050900CC74D4 /* ContentView.swift */,
				EB1553D42564050900CC74D4 /* Assets.xcassets */,
				EB1553D92564050900CC74D4 /* Main.storyboard */,
				EB1553DC2564050900CC74D4 /* Info.plist */,
				EB1553DD2564050900CC74D4 /* unicon.entitlements */,
				EB1553D62564050900CC74D4 /* Preview Content */,
			);
			path = unicon;
			sourceTree = "<group>";
		};
		EB1553D62564050900CC74D4 /* Preview Content */ = {
			isa = PBXGroup;
			children = (
				EB1553D72564050900CC74D4 /* Preview Assets.xcassets */,
			);
			path = "Preview Content";
			sourceTree = "<group>";
		};
/* End PBXGroup section */

/* Begin PBXNativeTarget section */
		EB1553CC2564050800CC74D4 /* unicon */ = {
			isa = PBXNativeTarget;
			buildConfigurationList = EB1553E02564050900CC74D4 /* Build configuration list for PBXNativeTarget "unicon" */;
			buildPhases = (
				EB1553C92564050800CC74D4 /* Sources */,
				EB1553CA2564050800CC74D4 /* Frameworks */,
				EB1553CB2564050800CC74D4 /* Resources */,
				EBE634422565D1BD0038A0FE /* Embed Frameworks */,
			);
			buildRules = (
			);
			dependencies = (
			);
			name = unicon;
			productName = unicon;
			productReference = EB1553CD2564050800CC74D4 /* unicon.app */;
			productType = "com.apple.product-type.application";
		};
/* End PBXNativeTarget section */

/* Begin PBXProject section */
		EB1553C52564050800CC74D4 /* Project object */ = {
			isa = PBXProject;
			attributes = {
				LastSwiftUpdateCheck = 1220;
				LastUpgradeCheck = 1220;
				TargetAttributes = {
					EB1553CC2564050800CC74D4 = {
						CreatedOnToolsVersion = 12.2;
					};
				};
			};
			buildConfigurationList = EB1553C82564050800CC74D4 /* Build configuration list for PBXProject "unicon" */;
			compatibilityVersion = "Xcode 9.3";
			developmentRegion = en;
			hasScannedForEncodings = 0;
			knownRegions = (
				en,
				Base,
			);
			mainGroup = EB1553C42564050800CC74D4;
			productRefGroup = EB1553CE2564050800CC74D4 /* Products */;
			projectDirPath = "";
			projectRoot = "";
			targets = (
				EB1553CC2564050800CC74D4 /* unicon */,
			);
		};
/* End PBXProject section */

/* Begin PBXResourcesBuildPhase section */
		EB1553CB2564050800CC74D4 /* Resources */ = {
			isa = PBXResourcesBuildPhase;
			buildActionMask = 2147483647;
			files = (
				EB1553DB2564050900CC74D4 /* Main.storyboard in Resources */,
				EB1553D82564050900CC74D4 /* Preview Assets.xcassets in Resources */,
				EB1553D52564050900CC74D4 /* Assets.xcassets in Resources */,
			);
			runOnlyForDeploymentPostprocessing = 0;
		};
/* End PBXResourcesBuildPhase section */

/* Begin PBXSourcesBuildPhase section */
		EB1553C92564050800CC74D4 /* Sources */ = {
			isa = PBXSourcesBuildPhase;
			buildActionMask = 2147483647;
			files = (
				EB1553D32564050900CC74D4 /* ContentView.swift in Sources */,
				EBE634492565D49E0038A0FE /* MachO.swift in Sources */,
				EB1553D12564050900CC74D4 /* AppDelegate.swift in Sources */,
			);
			runOnlyForDeploymentPostprocessing = 0;
		};
/* End PBXSourcesBuildPhase section */

/* Begin PBXVariantGroup section */
		EB1553D92564050900CC74D4 /* Main.storyboard */ = {
			isa = PBXVariantGroup;
			children = (
				EB1553DA2564050900CC74D4 /* Base */,
			);
			name = Main.storyboard;
			sourceTree = "<group>";
		};
/* End PBXVariantGroup section */

/* Begin XCBuildConfiguration section */
		EB1553DE2564050900CC74D4 /* Debug */ = {
			isa = XCBuildConfiguration;
			buildSettings = {
				ALWAYS_SEARCH_USER_PATHS = NO;
				CLANG_ANALYZER_NONNULL = YES;
				CLANG_ANALYZER_NUMBER_OBJECT_CONVERSION = YES_AGGRESSIVE;
				CLANG_CXX_LANGUAGE_STANDARD = "gnu++14";
				CLANG_CXX_LIBRARY = "libc++";
				CLANG_ENABLE_MODULES = YES;
				CLANG_ENABLE_OBJC_ARC = YES;
				CLANG_ENABLE_OBJC_WEAK = YES;
				CLANG_WARN_BLOCK_CAPTURE_AUTORELEASING = YES;
				CLANG_WARN_BOOL_CONVERSION = YES;
				CLANG_WARN_COMMA = YES;
				CLANG_WARN_CONSTANT_CONVERSION = YES;
				CLANG_WARN_DEPRECATED_OBJC_IMPLEMENTATIONS = YES;
				CLANG_WARN_DIRECT_OBJC_ISA_USAGE = YES_ERROR;
				CLANG_WARN_DOCUMENTATION_COMMENTS = YES;
				CLANG_WARN_EMPTY_BODY = YES;
				CLANG_WARN_ENUM_CONVERSION = YES;
				CLANG_WARN_INFINITE_RECURSION = YES;
				CLANG_WARN_INT_CONVERSION = YES;
				CLANG_WARN_NON_LITERAL_NULL_CONVERSION = YES;
				CLANG_WARN_OBJC_IMPLICIT_RETAIN_SELF = YES;
				CLANG_WARN_OBJC_LITERAL_CONVERSION = YES;
				CLANG_WARN_OBJC_ROOT_CLASS = YES_ERROR;
				CLANG_WARN_QUOTED_INCLUDE_IN_FRAMEWORK_HEADER = YES;
				CLANG_WARN_RANGE_LOOP_ANALYSIS = YES;
				CLANG_WARN_STRICT_PROTOTYPES = YES;
				CLANG_WARN_SUSPICIOUS_MOVE = YES;
				CLANG_WARN_UNGUARDED_AVAILABILITY = YES_AGGRESSIVE;
				CLANG_WARN_UNREACHABLE_CODE = YES;
				CLANG_WARN__DUPLICATE_METHOD_MATCH = YES;
				COPY_PHASE_STRIP = NO;
				DEBUG_INFORMATION_FORMAT = dwarf;
				ENABLE_STRICT_OBJC_MSGSEND = YES;
				ENABLE_TESTABILITY = YES;
				GCC_C_LANGUAGE_STANDARD = gnu11;
				GCC_DYNAMIC_NO_PIC = NO;
				GCC_NO_COMMON_BLOCKS = YES;
				GCC_OPTIMIZATION_LEVEL = 0;
				GCC_PREPROCESSOR_DEFINITIONS = (
					"DEBUG=1",
					"$(inherited)",
				);
				GCC_WARN_64_TO_32_BIT_CONVERSION = YES;
				GCC_WARN_ABOUT_RETURN_TYPE = YES_ERROR;
				GCC_WARN_UNDECLARED_SELECTOR = YES;
				GCC_WARN_UNINITIALIZED_AUTOS = YES_AGGRESSIVE;
				GCC_WARN_UNUSED_FUNCTION = YES;
				GCC_WARN_UNUSED_VARIABLE = YES;
				MACOSX_DEPLOYMENT_TARGET = 10.15;
				MTL_ENABLE_DEBUG_INFO = INCLUDE_SOURCE;
				MTL_FAST_MATH = YES;
				ONLY_ACTIVE_ARCH = YES;
				SDKROOT = macosx;
				SWIFT_ACTIVE_COMPILATION_CONDITIONS = DEBUG;
				SWIFT_OPTIMIZATION_LEVEL = "-Onone";
			};
			name = Debug;
		};
		EB1553DF2564050900CC74D4 /* Release */ = {
			isa = XCBuildConfiguration;
			buildSettings = {
				ALWAYS_SEARCH_USER_PATHS = NO;
				CLANG_ANALYZER_NONNULL = YES;
				CLANG_ANALYZER_NUMBER_OBJECT_CONVERSION = YES_AGGRESSIVE;
				CLANG_CXX_LANGUAGE_STANDARD = "gnu++14";
				CLANG_CXX_LIBRARY = "libc++";
				CLANG_ENABLE_MODULES = YES;
				CLANG_ENABLE_OBJC_ARC = YES;
				CLANG_ENABLE_OBJC_WEAK = YES;
				CLANG_WARN_BLOCK_CAPTURE_AUTORELEASING = YES;
				CLANG_WARN_BOOL_CONVERSION = YES;
				CLANG_WARN_COMMA = YES;
				CLANG_WARN_CONSTANT_CONVERSION = YES;
				CLANG_WARN_DEPRECATED_OBJC_IMPLEMENTATIONS = YES;
				CLANG_WARN_DIRECT_OBJC_ISA_USAGE = YES_ERROR;
				CLANG_WARN_DOCUMENTATION_COMMENTS = YES;
				CLANG_WARN_EMPTY_BODY = YES;
				CLANG_WARN_ENUM_CONVERSION = YES;
				CLANG_WARN_INFINITE_RECURSION = YES;
				CLANG_WARN_INT_CONVERSION = YES;
				CLANG_WARN_NON_LITERAL_NULL_CONVERSION = YES;
				CLANG_WARN_OBJC_IMPLICIT_RETAIN_SELF = YES;
				CLANG_WARN_OBJC_LITERAL_CONVERSION = YES;
				CLANG_WARN_OBJC_ROOT_CLASS = YES_ERROR;
				CLANG_WARN_QUOTED_INCLUDE_IN_FRAMEWORK_HEADER = YES;
				CLANG_WARN_RANGE_LOOP_ANALYSIS = YES;
				CLANG_WARN_STRICT_PROTOTYPES = YES;
				CLANG_WARN_SUSPICIOUS_MOVE = YES;
				CLANG_WARN_UNGUARDED_AVAILABILITY = YES_AGGRESSIVE;
				CLANG_WARN_UNREACHABLE_CODE = YES;
				CLANG_WARN__DUPLICATE_METHOD_MATCH = YES;
				COPY_PHASE_STRIP = NO;
				DEBUG_INFORMATION_FORMAT = "dwarf-with-dsym";
				ENABLE_NS_ASSERTIONS = NO;
				ENABLE_STRICT_OBJC_MSGSEND = YES;
				GCC_C_LANGUAGE_STANDARD = gnu11;
				GCC_NO_COMMON_BLOCKS = YES;
				GCC_WARN_64_TO_32_BIT_CONVERSION = YES;
				GCC_WARN_ABOUT_RETURN_TYPE = YES_ERROR;
				GCC_WARN_UNDECLARED_SELECTOR = YES;
				GCC_WARN_UNINITIALIZED_AUTOS = YES_AGGRESSIVE;
				GCC_WARN_UNUSED_FUNCTION = YES;
				GCC_WARN_UNUSED_VARIABLE = YES;
				MACOSX_DEPLOYMENT_TARGET = 10.15;
				MTL_ENABLE_DEBUG_INFO = NO;
				MTL_FAST_MATH = YES;
				SDKROOT = macosx;
				SWIFT_COMPILATION_MODE = wholemodule;
				SWIFT_OPTIMIZATION_LEVEL = "-O";
			};
			name = Release;
		};
		EB1553E12564050900CC74D4 /* Debug */ = {
			isa = XCBuildConfiguration;
			buildSettings = {
				ASSETCATALOG_COMPILER_APPICON_NAME = AppIcon;
				ASSETCATALOG_COMPILER_GLOBAL_ACCENT_COLOR_NAME = AccentColor;
				CODE_SIGN_ENTITLEMENTS = unicon/unicon.entitlements;
				CODE_SIGN_STYLE = Automatic;
				COMBINE_HIDPI_IMAGES = YES;
				DEVELOPMENT_ASSET_PATHS = "\"unicon/Preview Content\"";
				DEVELOPMENT_TEAM = 5TVGRA297L;
				ENABLE_HARDENED_RUNTIME = YES;
				ENABLE_PREVIEWS = YES;
				INFOPLIST_FILE = unicon/Info.plist;
				LD_RUNPATH_SEARCH_PATHS = (
					"$(inherited)",
					"@executable_path/../Frameworks",
				);
				MACOSX_DEPLOYMENT_TARGET = 10.15;
				PRODUCT_BUNDLE_IDENTIFIER = net.otofune.apps.unicon;
				PRODUCT_NAME = "$(TARGET_NAME)";
				SWIFT_VERSION = 5.0;
			};
			name = Debug;
		};
		EB1553E22564050900CC74D4 /* Release */ = {
			isa = XCBuildConfiguration;
			buildSettings = {
				ASSETCATALOG_COMPILER_APPICON_NAME = AppIcon;
				ASSETCATALOG_COMPILER_GLOBAL_ACCENT_COLOR_NAME = AccentColor;
				CODE_SIGN_ENTITLEMENTS = unicon/unicon.entitlements;
				CODE_SIGN_STYLE = Automatic;
				COMBINE_HIDPI_IMAGES = YES;
				DEVELOPMENT_ASSET_PATHS = "\"unicon/Preview Content\"";
				DEVELOPMENT_TEAM = 5TVGRA297L;
				ENABLE_HARDENED_RUNTIME = YES;
				ENABLE_PREVIEWS = YES;
				INFOPLIST_FILE = unicon/Info.plist;
				LD_RUNPATH_SEARCH_PATHS = (
					"$(inherited)",
					"@executable_path/../Frameworks",
				);
				MACOSX_DEPLOYMENT_TARGET = 10.15;
				PRODUCT_BUNDLE_IDENTIFIER = net.otofune.apps.unicon;
				PRODUCT_NAME = "$(TARGET_NAME)";
				SWIFT_VERSION = 5.0;
			};
			name = Release;
		};
/* End XCBuildConfiguration section */

/* Begin XCConfigurationList section */
		EB1553C82564050800CC74D4 /* Build configuration list for PBXProject "unicon" */ = {
			isa = XCConfigurationList;
			buildConfigurations = (
				EB1553DE2564050900CC74D4 /* Debug */,
				EB1553DF2564050900CC74D4 /* Release */,
			);
			defaultConfigurationIsVisible = 0;
			defaultConfigurationName = Release;
		};
		EB1553E02564050900CC74D4 /* Build configuration list for PBXNativeTarget "unicon" */ = {
			isa = XCConfigurationList;
			buildConfigurations = (
				EB1553E12564050900CC74D4 /* Debug */,
				EB1553E22564050900CC74D4 /* Release */,
			);
			defaultConfigurationIsVisible = 0;
			defaultConfigurationName = Release;
		};
/* End XCConfigurationList section */
	};
	rootObject = EB1553C52564050800CC74D4 /* Project object */;
}
